github.com/yuin/goldmark v1.7.0 h1:EfOIvIMZIzHdB/R/zVrikYLPPwJlfMcNczJFMs1m6sA=
github.com/yuin/goldmark v1.7.0/go.mod h1:uzxRWxtg69N339t3louHJ7+O03ezfj6PlliRlaOzY1E=
github.com/yuin/goldmark v1.7.2 h1:NjGd7lO7zrUn/A7eKwn5PEOt4ONYGqpxSEeZuduvgxc=
github.com/yuin/goldmark v1.7.2/go.mod h1:uzxRWxtg69N339t3louHJ7+O03ezfj6PlliRlaOzY1E=
github.com/yuin/goldmark v1.7.3 h1:fdk0a/y60GsS4NbEd13GSIP+d8OjtTkmluY32Dy1Z/A=
github.com/yuin/goldmark v1.7.3/go.mod h1:uzxRWxtg69N339t3louHJ7+O03ezfj6PlliRlaOzY1E=
github.com/yuin/goldmark v1.7.4 h1:BDXOHExt+A7gwPCJgPIIq7ENvceR7we7rOS9TNoLZeg=
github.com/yuin/goldmark v1.7.4/go.mod h1:uzxRWxtg69N339t3louHJ7+O03ezfj6PlliRlaOzY1E=
github.com/yuin/goldmark v1.7.6 h1:cZgJxVh5mL5cu8KOnwxvFJy5TFB0BHUskZZyq7TYbDg=
github.com/yuin/goldmark v1.7.6/go.mod h1:uzxRWxtg69N339t3louHJ7+O03ezfj6PlliRlaOzY1E=
github.com/yuin/goldmark v1.7.7 h1:5m9rrB1sW3JUMToKFQfb+FGt1U7r57IHu5GrYrG2nqU=
github.com/yuin/goldmark v1.7.7/go.mod h1:uzxRWxtg69N339t3louHJ7+O03ezfj6PlliRlaOzY1E=
github.com/yuin/goldmark v1.7.8 h1:iERMLn0/QJeHFhxSt3p6PeN9mGnvIKSpG9YYorDMnic=
github.com/yuin/goldmark v1.7.8/go.mod h1:uzxRWxtg69N339t3louHJ7+O03ezfj6PlliRlaOzY1E=
github.com/yuin/goldmark v1.7.9 h1:rVSeT+f7/lAM+bJHVm5YHGwNrnd40i1Ch2DEocEjHQ0=
github.com/yuin/goldmark v1.7.9/go.mod h1:ip/1k0VRfGynBgxOz0yCqHrbZXhcjxyuS66Brc7iBKg=
github.com/yuin/goldmark v1.7.10 h1:S+LrtBjRmqMac2UdtB6yyCEJm+UILZ2fefI4p7o0QpI=
github.com/yuin/goldmark v1.7.10/go.mod h1:ip/1k0VRfGynBgxOz0yCqHrbZXhcjxyuS66Brc7iBKg=
github.com/yuin/goldmark v1.7.12 h1:YwGP/rrea2/CnCtUHgjuolG/PnMxdQtPMO5PvaE2/nY=
github.com/yuin/goldmark v1.7.12/go.mod h1:ip/1k0VRfGynBgxOz0yCqHrbZXhcjxyuS66Brc7iBKg=
github.com/yuin/goldmark v1.7.14 h1:9F3UqVQdZ5GG5y6TU0l1TbbDhZmqfevaOcinQt88Qi8=
github.com/yuin/goldmark v1.7.14/go.mod h1:ip/1k0VRfGynBgxOz0yCqHrbZXhcjxyuS66Brc7iBKg=
